
Microsoft Visual Studio Solution File, Format Version 12.00
# Visual Studio Version 17
VisualStudioVersion = 17.5.002.0
MinimumVisualStudioVersion = 10.0.40219.1
Project("{9A19103F-16F7-4668-BE54-9A1E7A4F7556}") = "primerTaller", "primerTaller.csproj", "{84883684-2996-46C6-9BF1-A5010A92E37C}"
EndProject
Global
	GlobalSection(SolutionConfigurationPlatforms) = preSolution
		Debug|Any CPU = Debug|Any CPU
		Release|Any CPU = Release|Any CPU
	EndGlobalSection
	GlobalSection(ProjectConfigurationPlatforms) = postSolution
		{84883684-2996-46C6-9BF1-A5010A92E37C}.Debug|Any CPU.ActiveCfg = Debug|Any CPU
		{84883684-2996-46C6-9BF1-A5010A92E37C}.Debug|Any CPU.Build.0 = Debug|Any CPU
		{84883684-2996-46C6-9BF1-A5010A92E37C}.Release|Any CPU.ActiveCfg = Release|Any CPU
		{84883684-2996-46C6-9BF1-A5010A92E37C}.Release|Any CPU.Build.0 = Release|Any CPU
	EndGlobalSection
	GlobalSection(SolutionProperties) = preSolution
		HideSolutionNode = FALSE
	EndGlobalSection
	GlobalSection(ExtensibilityGlobals) = postSolution
		SolutionGuid = {92D63A2D-4D6F-437E-AFAB-36B56DCC080A}
	EndGlobalSection
EndGlobal
